
Microsoft Visual Studio Solution File, Format Version 12.00
# Visual Studio Version 17
VisualStudioVersion = 17.14.36221.1 d17.14
MinimumVisualStudioVersion = 10.0.40219.1
Project("{FAE04EC0-301F-11D3-BF4B-00C04F79EFBC}") = "demo", "demo\demo.csproj", "{0A6F4B74-8097-4DCC-AB24-FE119C02D8D5}"
EndProject
Global
	GlobalSection(SolutionConfigurationPlatforms) = preSolution
		Debug|Any CPU = Debug|Any CPU
		Release|Any CPU = Release|Any CPU
	EndGlobalSection
	GlobalSection(ProjectConfigurationPlatforms) = postSolution
		{0A6F4B74-8097-4DCC-AB24-FE119C02D8D5}.Debug|Any CPU.ActiveCfg = Debug|Any CPU
		{0A6F4B74-8097-4DCC-AB24-FE119C02D8D5}.Debug|Any CPU.Build.0 = Debug|Any CPU
		{0A6F4B74-8097-4DCC-AB24-FE119C02D8D5}.Release|Any CPU.ActiveCfg = Release|Any CPU
		{0A6F4B74-8097-4DCC-AB24-FE119C02D8D5}.Release|Any CPU.Build.0 = Release|Any CPU
	EndGlobalSection
	GlobalSection(SolutionProperties) = preSolution
		HideSolutionNode = FALSE
	EndGlobalSection
	GlobalSection(ExtensibilityGlobals) = postSolution
		SolutionGuid = {4D5DDA0D-36DE-4255-B2A3-74BE82C4338F}
	EndGlobalSection
EndGlobal
